
Microsoft Visual Studio Solution File, Format Version 12.00
# Visual Studio Version 17
VisualStudioVersion = 17.2.32616.157
MinimumVisualStudioVersion = 10.0.40219.1
Project("{2150E333-8FDC-42A3-9474-1A3956D46DE8}") = "Services", "Services", "{CD3B52C3-FFEC-44BF-A234-795056661080}"
EndProject
Project("{2150E333-8FDC-42A3-9474-1A3956D46DE8}") = "Catalog", "Catalog", "{AB886CAF-E0FA-4686-B957-CB8CA7DE1A12}"
EndProject
Project("{9A19103F-16F7-4668-BE54-9A1E7A4F7556}") = "MultiShop.Catalog", "Services\Catalog\MultiShop.Catalog\MultiShop.Catalog.csproj", "{FC5612EE-D2F6-480F-B932-10C6D84B601F}"
EndProject
Project("{2150E333-8FDC-42A3-9474-1A3956D46DE8}") = "Discount", "Discount", "{FD556B9F-FB57-405B-8029-301028540056}"
EndProject
Project("{9A19103F-16F7-4668-BE54-9A1E7A4F7556}") = "MultiShop.Discount", "Services\Discount\MultiShop.Discount\MultiShop.Discount.csproj", "{8B6332B2-4FA4-4F23-B60E-E74E3077E958}"
EndProject
Project("{2150E333-8FDC-42A3-9474-1A3956D46DE8}") = "Order", "Order", "{27C39B34-D2FB-44B3-BFEE-6F0695F3AE80}"
EndProject
Project("{2150E333-8FDC-42A3-9474-1A3956D46DE8}") = "Infrastructure", "Infrastructure", "{F25466EF-2F21-40A3-948F-79CBA8C4D3FF}"
EndProject
Project("{2150E333-8FDC-42A3-9474-1A3956D46DE8}") = "Presentation", "Presentation", "{7072E779-FD59-4468-A793-5384A7AC6026}"
EndProject
Project("{2150E333-8FDC-42A3-9474-1A3956D46DE8}") = "Core", "Core", "{F2057A58-A043-4376-A602-462196DD340F}"
EndProject
Project("{9A19103F-16F7-4668-BE54-9A1E7A4F7556}") = "MultiShop.Order.Domain", "Services\Order\Core\MultiShop.Order.Domain\MultiShop.Order.Domain.csproj", "{7DDC38E2-3822-401E-99EA-5B77F18F8BC8}"
EndProject
Project("{9A19103F-16F7-4668-BE54-9A1E7A4F7556}") = "MultiShop.Order.Application", "Services\Order\Core\MultiShop.Order.Application\MultiShop.Order.Application.csproj", "{AEDC38DB-52D8-4141-8B62-BEBB642D8387}"
EndProject
Project("{9A19103F-16F7-4668-BE54-9A1E7A4F7556}") = "MultiShop.Order.Persistence", "Services\Order\Infrastructure\MultiShop.Order.Persistence\MultiShop.Order.Persistence.csproj", "{DEF6EC7C-72E4-4EE0-A8BB-FD4E6EDC5A42}"
EndProject
Project("{9A19103F-16F7-4668-BE54-9A1E7A4F7556}") = "MultiShop.Order.WebApi", "Services\Order\Presentation\MultiShop.Order.WebApi\MultiShop.Order.WebApi.csproj", "{DF0A700A-BBC0-4C8F-B4FB-8076916FA157}"
EndProject
Project("{2150E333-8FDC-42A3-9474-1A3956D46DE8}") = "IdentityServer", "IdentityServer", "{3C946214-65A2-4A0B-8695-EAE1BB4C415E}"
EndProject
Project("{9A19103F-16F7-4668-BE54-9A1E7A4F7556}") = "MultiShop.IdentityServer", "IdentityServer\MultiShop.IdentityServer\MultiShop.IdentityServer.csproj", "{A9679954-486A-46B9-85A0-676357589617}"
EndProject
Project("{2150E333-8FDC-42A3-9474-1A3956D46DE8}") = "Requirements", "Requirements", "{6C876CEB-1C43-40F2-BFF9-68BE3DAFAEA7}"
	ProjectSection(SolutionItems) = preProject
		PortNumbers.txt = PortNumbers.txt
	EndProjectSection
EndProject
Project("{2150E333-8FDC-42A3-9474-1A3956D46DE8}") = "Cargo", "Cargo", "{31C325F1-3566-4FA7-9A3F-366194B8E751}"
EndProject
Project("{FAE04EC0-301F-11D3-BF4B-00C04F79EFBC}") = "MultiShop.Cargo.BusinessLayer", "Services\Cargo\MultiShop.Cargo.BusinessLayer\MultiShop.Cargo.BusinessLayer.csproj", "{32BB9ABE-68FB-4AF5-B906-26925E5AEB33}"
EndProject
Project("{FAE04EC0-301F-11D3-BF4B-00C04F79EFBC}") = "MultiShop.Cargo.DataAccessLayer", "Services\Cargo\MultiShop.Cargo.DataAccessLayer\MultiShop.Cargo.DataAccessLayer.csproj", "{86D756BC-7ED2-48CF-82E2-82D0933194E2}"
EndProject
Project("{FAE04EC0-301F-11D3-BF4B-00C04F79EFBC}") = "MultiShop.Cargo.DtoLayer", "Services\Cargo\MultiShop.Cargo.DtoLayer\MultiShop.Cargo.DtoLayer.csproj", "{431A666C-290A-4064-8500-642682929D07}"
EndProject
Project("{FAE04EC0-301F-11D3-BF4B-00C04F79EFBC}") = "MultiShop.Cargo.EntityLayer", "Services\Cargo\MultiShop.Cargo.EntityLayer\MultiShop.Cargo.EntityLayer.csproj", "{9EB0E6EF-E639-4DB8-A7E7-6A25047F0875}"
EndProject
Project("{FAE04EC0-301F-11D3-BF4B-00C04F79EFBC}") = "MultiShop.Cargo.WebApi", "Services\Cargo\MultiShop.Cargo.WebApi\MultiShop.Cargo.WebApi.csproj", "{6EE46AB3-34FD-4D5E-887C-5580D9971D4F}"
EndProject
Global
	GlobalSection(SolutionConfigurationPlatforms) = preSolution
		Debug|Any CPU = Debug|Any CPU
		Release|Any CPU = Release|Any CPU
	EndGlobalSection
	GlobalSection(ProjectConfigurationPlatforms) = postSolution
		{FC5612EE-D2F6-480F-B932-10C6D84B601F}.Debug|Any CPU.ActiveCfg = Debug|Any CPU
		{FC5612EE-D2F6-480F-B932-10C6D84B601F}.Debug|Any CPU.Build.0 = Debug|Any CPU
		{FC5612EE-D2F6-480F-B932-10C6D84B601F}.Release|Any CPU.ActiveCfg = Release|Any CPU
		{FC5612EE-D2F6-480F-B932-10C6D84B601F}.Release|Any CPU.Build.0 = Release|Any CPU
		{8B6332B2-4FA4-4F23-B60E-E74E3077E958}.Debug|Any CPU.ActiveCfg = Debug|Any CPU
		{8B6332B2-4FA4-4F23-B60E-E74E3077E958}.Debug|Any CPU.Build.0 = Debug|Any CPU
		{8B6332B2-4FA4-4F23-B60E-E74E3077E958}.Release|Any CPU.ActiveCfg = Release|Any CPU
		{8B6332B2-4FA4-4F23-B60E-E74E3077E958}.Release|Any CPU.Build.0 = Release|Any CPU
		{7DDC38E2-3822-401E-99EA-5B77F18F8BC8}.Debug|Any CPU.ActiveCfg = Debug|Any CPU
		{7DDC38E2-3822-401E-99EA-5B77F18F8BC8}.Debug|Any CPU.Build.0 = Debug|Any CPU
		{7DDC38E2-3822-401E-99EA-5B77F18F8BC8}.Release|Any CPU.ActiveCfg = Release|Any CPU
		{7DDC38E2-3822-401E-99EA-5B77F18F8BC8}.Release|Any CPU.Build.0 = Release|Any CPU
		{AEDC38DB-52D8-4141-8B62-BEBB642D8387}.Debug|Any CPU.ActiveCfg = Debug|Any CPU
		{AEDC38DB-52D8-4141-8B62-BEBB642D8387}.Debug|Any CPU.Build.0 = Debug|Any CPU
		{AEDC38DB-52D8-4141-8B62-BEBB642D8387}.Release|Any CPU.ActiveCfg = Release|Any CPU
		{AEDC38DB-52D8-4141-8B62-BEBB642D8387}.Release|Any CPU.Build.0 = Release|Any CPU
		{DEF6EC7C-72E4-4EE0-A8BB-FD4E6EDC5A42}.Debug|Any CPU.ActiveCfg = Debug|Any CPU
		{DEF6EC7C-72E4-4EE0-A8BB-FD4E6EDC5A42}.Debug|Any CPU.Build.0 = Debug|Any CPU
		{DEF6EC7C-72E4-4EE0-A8BB-FD4E6EDC5A42}.Release|Any CPU.ActiveCfg = Release|Any CPU
		{DEF6EC7C-72E4-4EE0-A8BB-FD4E6EDC5A42}.Release|Any CPU.Build.0 = Release|Any CPU
		{DF0A700A-BBC0-4C8F-B4FB-8076916FA157}.Debug|Any CPU.ActiveCfg = Debug|Any CPU
		{DF0A700A-BBC0-4C8F-B4FB-8076916FA157}.Debug|Any CPU.Build.0 = Debug|Any CPU
		{DF0A700A-BBC0-4C8F-B4FB-8076916FA157}.Release|Any CPU.ActiveCfg = Release|Any CPU
		{DF0A700A-BBC0-4C8F-B4FB-8076916FA157}.Release|Any CPU.Build.0 = Release|Any CPU
		{A9679954-486A-46B9-85A0-676357589617}.Debug|Any CPU.ActiveCfg = Debug|Any CPU
		{A9679954-486A-46B9-85A0-676357589617}.Debug|Any CPU.Build.0 = Debug|Any CPU
		{A9679954-486A-46B9-85A0-676357589617}.Release|Any CPU.ActiveCfg = Release|Any CPU
		{A9679954-486A-46B9-85A0-676357589617}.Release|Any CPU.Build.0 = Release|Any CPU
		{32BB9ABE-68FB-4AF5-B906-26925E5AEB33}.Debug|Any CPU.ActiveCfg = Debug|Any CPU
		{32BB9ABE-68FB-4AF5-B906-26925E5AEB33}.Debug|Any CPU.Build.0 = Debug|Any CPU
		{32BB9ABE-68FB-4AF5-B906-26925E5AEB33}.Release|Any CPU.ActiveCfg = Release|Any CPU
		{32BB9ABE-68FB-4AF5-B906-26925E5AEB33}.Release|Any CPU.Build.0 = Release|Any CPU
		{86D756BC-7ED2-48CF-82E2-82D0933194E2}.Debug|Any CPU.ActiveCfg = Debug|Any CPU
		{86D756BC-7ED2-48CF-82E2-82D0933194E2}.Debug|Any CPU.Build.0 = Debug|Any CPU
		{86D756BC-7ED2-48CF-82E2-82D0933194E2}.Release|Any CPU.ActiveCfg = Release|Any CPU
		{86D756BC-7ED2-48CF-82E2-82D0933194E2}.Release|Any CPU.Build.0 = Release|Any CPU
		{431A666C-290A-4064-8500-642682929D07}.Debug|Any CPU.ActiveCfg = Debug|Any CPU
		{431A666C-290A-4064-8500-642682929D07}.Debug|Any CPU.Build.0 = Debug|Any CPU
		{431A666C-290A-4064-8500-642682929D07}.Release|Any CPU.ActiveCfg = Release|Any CPU
		{431A666C-290A-4064-8500-642682929D07}.Release|Any CPU.Build.0 = Release|Any CPU
		{9EB0E6EF-E639-4DB8-A7E7-6A25047F0875}.Debug|Any CPU.ActiveCfg = Debug|Any CPU
		{9EB0E6EF-E639-4DB8-A7E7-6A25047F0875}.Debug|Any CPU.Build.0 = Debug|Any CPU
		{9EB0E6EF-E639-4DB8-A7E7-6A25047F0875}.Release|Any CPU.ActiveCfg = Release|Any CPU
		{9EB0E6EF-E639-4DB8-A7E7-6A25047F0875}.Release|Any CPU.Build.0 = Release|Any CPU
		{6EE46AB3-34FD-4D5E-887C-5580D9971D4F}.Debug|Any CPU.ActiveCfg = Debug|Any CPU
		{6EE46AB3-34FD-4D5E-887C-5580D9971D4F}.Debug|Any CPU.Build.0 = Debug|Any CPU
		{6EE46AB3-34FD-4D5E-887C-5580D9971D4F}.Release|Any CPU.ActiveCfg = Release|Any CPU
		{6EE46AB3-34FD-4D5E-887C-5580D9971D4F}.Release|Any CPU.Build.0 = Release|Any CPU
	EndGlobalSection
	GlobalSection(SolutionProperties) = preSolution
		HideSolutionNode = FALSE
	EndGlobalSection
	GlobalSection(NestedProjects) = preSolution
		{AB886CAF-E0FA-4686-B957-CB8CA7DE1A12} = {CD3B52C3-FFEC-44BF-A234-795056661080}
		{FC5612EE-D2F6-480F-B932-10C6D84B601F} = {AB886CAF-E0FA-4686-B957-CB8CA7DE1A12}
		{FD556B9F-FB57-405B-8029-301028540056} = {CD3B52C3-FFEC-44BF-A234-795056661080}
		{8B6332B2-4FA4-4F23-B60E-E74E3077E958} = {FD556B9F-FB57-405B-8029-301028540056}
		{27C39B34-D2FB-44B3-BFEE-6F0695F3AE80} = {CD3B52C3-FFEC-44BF-A234-795056661080}
		{F25466EF-2F21-40A3-948F-79CBA8C4D3FF} = {27C39B34-D2FB-44B3-BFEE-6F0695F3AE80}
		{7072E779-FD59-4468-A793-5384A7AC6026} = {27C39B34-D2FB-44B3-BFEE-6F0695F3AE80}
		{F2057A58-A043-4376-A602-462196DD340F} = {27C39B34-D2FB-44B3-BFEE-6F0695F3AE80}
		{7DDC38E2-3822-401E-99EA-5B77F18F8BC8} = {F2057A58-A043-4376-A602-462196DD340F}
		{AEDC38DB-52D8-4141-8B62-BEBB642D8387} = {F2057A58-A043-4376-A602-462196DD340F}
		{DEF6EC7C-72E4-4EE0-A8BB-FD4E6EDC5A42} = {F25466EF-2F21-40A3-948F-79CBA8C4D3FF}
		{DF0A700A-BBC0-4C8F-B4FB-8076916FA157} = {7072E779-FD59-4468-A793-5384A7AC6026}
		{A9679954-486A-46B9-85A0-676357589617} = {3C946214-65A2-4A0B-8695-EAE1BB4C415E}
		{31C325F1-3566-4FA7-9A3F-366194B8E751} = {CD3B52C3-FFEC-44BF-A234-795056661080}
		{32BB9ABE-68FB-4AF5-B906-26925E5AEB33} = {31C325F1-3566-4FA7-9A3F-366194B8E751}
		{86D756BC-7ED2-48CF-82E2-82D0933194E2} = {31C325F1-3566-4FA7-9A3F-366194B8E751}
		{431A666C-290A-4064-8500-642682929D07} = {31C325F1-3566-4FA7-9A3F-366194B8E751}
		{9EB0E6EF-E639-4DB8-A7E7-6A25047F0875} = {31C325F1-3566-4FA7-9A3F-366194B8E751}
		{6EE46AB3-34FD-4D5E-887C-5580D9971D4F} = {31C325F1-3566-4FA7-9A3F-366194B8E751}
	EndGlobalSection
	GlobalSection(ExtensibilityGlobals) = postSolution
		SolutionGuid = {3C68DDB8-B68D-48E7-9B5B-CB53CFE9E4A0}
	EndGlobalSection
EndGlobal
